// !$*UTF8*$!
{
	archiveVersion = 1;
	classes = {
	};
	objectVersion = 50;
	objects = {

/* Begin PBXBuildFile section */
		D54A1C5426AB3D77003A1226 /* Aperture_EscapeApp.swift in Sources */ = {isa = PBXBuildFile; fileRef = D54A1C5326AB3D77003A1226 /* Aperture_EscapeApp.swift */; };
		D54A1C5626AB3D77003A1226 /* ContentView.swift in Sources */ = {isa = PBXBuildFile; fileRef = D54A1C5526AB3D77003A1226 /* ContentView.swift */; };
		D54A1C5826AB3D79003A1226 /* Assets.xcassets in Resources */ = {isa = PBXBuildFile; fileRef = D54A1C5726AB3D79003A1226 /* Assets.xcassets */; };
		D54A1C5B26AB3D79003A1226 /* Preview Assets.xcassets in Resources */ = {isa = PBXBuildFile; fileRef = D54A1C5A26AB3D79003A1226 /* Preview Assets.xcassets */; };
		D54A1C6626AB3D79003A1226 /* Aperture_EscapeTests.swift in Sources */ = {isa = PBXBuildFile; fileRef = D54A1C6526AB3D79003A1226 /* Aperture_EscapeTests.swift */; };
		D54A1C7126AB3D79003A1226 /* Aperture_EscapeUITests.swift in Sources */ = {isa = PBXBuildFile; fileRef = D54A1C7026AB3D79003A1226 /* Aperture_EscapeUITests.swift */; };
		D54A1C8126AB3DE9003A1226 /* IntroductionView.swift in Sources */ = {isa = PBXBuildFile; fileRef = D54A1C8026AB3DE9003A1226 /* IntroductionView.swift */; };
		D54A1C8326AC6DA1003A1226 /* Components.swift in Sources */ = {isa = PBXBuildFile; fileRef = D54A1C8226AC6DA1003A1226 /* Components.swift */; };
		D54A1C8526AC75D7003A1226 /* PretestChamberView.swift in Sources */ = {isa = PBXBuildFile; fileRef = D54A1C8426AC75D7003A1226 /* PretestChamberView.swift */; };
		D54A1C8926AC7EA4003A1226 /* ItemPortalGunView.swift in Sources */ = {isa = PBXBuildFile; fileRef = D54A1C8826AC7EA4003A1226 /* ItemPortalGunView.swift */; };
		D54A1C8B26AC8633003A1226 /* ItemBottleOfLiquidView.swift in Sources */ = {isa = PBXBuildFile; fileRef = D54A1C8A26AC8633003A1226 /* ItemBottleOfLiquidView.swift */; };
		D54A1C8D26AC87B1003A1226 /* ChamberDoorView.swift in Sources */ = {isa = PBXBuildFile; fileRef = D54A1C8C26AC87B1003A1226 /* ChamberDoorView.swift */; };
		D54A1C8F26AC9346003A1226 /* BrokenWallPanelView.swift in Sources */ = {isa = PBXBuildFile; fileRef = D54A1C8E26AC9346003A1226 /* BrokenWallPanelView.swift */; };
/* End PBXBuildFile section */

/* Begin PBXContainerItemProxy section */
		D54A1C6226AB3D79003A1226 /* PBXContainerItemProxy */ = {
			isa = PBXContainerItemProxy;
			containerPortal = D54A1C4826AB3D77003A1226 /* Project object */;
			proxyType = 1;
			remoteGlobalIDString = D54A1C4F26AB3D77003A1226;
			remoteInfo = "Aperture Escape";
		};
		D54A1C6D26AB3D79003A1226 /* PBXContainerItemProxy */ = {
			isa = PBXContainerItemProxy;
			containerPortal = D54A1C4826AB3D77003A1226 /* Project object */;
			proxyType = 1;
			remoteGlobalIDString = D54A1C4F26AB3D77003A1226;
			remoteInfo = "Aperture Escape";
		};
/* End PBXContainerItemProxy section */

/* Begin PBXFileReference section */
		D54A1C5026AB3D77003A1226 /* Aperture Escape.app */ = {isa = PBXFileReference; explicitFileType = wrapper.application; includeInIndex = 0; path = "Aperture Escape.app"; sourceTree = BUILT_PRODUCTS_DIR; };
		D54A1C5326AB3D77003A1226 /* Aperture_EscapeApp.swift */ = {isa = PBXFileReference; lastKnownFileType = sourcecode.swift; path = Aperture_EscapeApp.swift; sourceTree = "<group>"; };
		D54A1C5526AB3D77003A1226 /* ContentView.swift */ = {isa = PBXFileReference; lastKnownFileType = sourcecode.swift; path = ContentView.swift; sourceTree = "<group>"; };
		D54A1C5726AB3D79003A1226 /* Assets.xcassets */ = {isa = PBXFileReference; lastKnownFileType = folder.assetcatalog; path = Assets.xcassets; sourceTree = "<group>"; };
		D54A1C5A26AB3D79003A1226 /* Preview Assets.xcassets */ = {isa = PBXFileReference; lastKnownFileType = folder.assetcatalog; path = "Preview Assets.xcassets"; sourceTree = "<group>"; };
		D54A1C5C26AB3D79003A1226 /* Info.plist */ = {isa = PBXFileReference; lastKnownFileType = text.plist.xml; path = Info.plist; sourceTree = "<group>"; };
		D54A1C6126AB3D79003A1226 /* Aperture EscapeTests.xctest */ = {isa = PBXFileReference; explicitFileType = wrapper.cfbundle; includeInIndex = 0; path = "Aperture EscapeTests.xctest"; sourceTree = BUILT_PRODUCTS_DIR; };
		D54A1C6526AB3D79003A1226 /* Aperture_EscapeTests.swift */ = {isa = PBXFileReference; lastKnownFileType = sourcecode.swift; path = Aperture_EscapeTests.swift; sourceTree = "<group>"; };
		D54A1C6726AB3D79003A1226 /* Info.plist */ = {isa = PBXFileReference; lastKnownFileType = text.plist.xml; path = Info.plist; sourceTree = "<group>"; };
		D54A1C6C26AB3D79003A1226 /* Aperture EscapeUITests.xctest */ = {isa = PBXFileReference; explicitFileType = wrapper.cfbundle; includeInIndex = 0; path = "Aperture EscapeUITests.xctest"; sourceTree = BUILT_PRODUCTS_DIR; };
		D54A1C7026AB3D79003A1226 /* Aperture_EscapeUITests.swift */ = {isa = PBXFileReference; lastKnownFileType = sourcecode.swift; path = Aperture_EscapeUITests.swift; sourceTree = "<group>"; };
		D54A1C7226AB3D79003A1226 /* Info.plist */ = {isa = PBXFileReference; lastKnownFileType = text.plist.xml; path = Info.plist; sourceTree = "<group>"; };
		D54A1C8026AB3DE9003A1226 /* IntroductionView.swift */ = {isa = PBXFileReference; lastKnownFileType = sourcecode.swift; path = IntroductionView.swift; sourceTree = "<group>"; };
		D54A1C8226AC6DA1003A1226 /* Components.swift */ = {isa = PBXFileReference; lastKnownFileType = sourcecode.swift; path = Components.swift; sourceTree = "<group>"; };
		D54A1C8426AC75D7003A1226 /* PretestChamberView.swift */ = {isa = PBXFileReference; lastKnownFileType = sourcecode.swift; path = PretestChamberView.swift; sourceTree = "<group>"; };
		D54A1C8826AC7EA4003A1226 /* ItemPortalGunView.swift */ = {isa = PBXFileReference; lastKnownFileType = sourcecode.swift; path = ItemPortalGunView.swift; sourceTree = "<group>"; };
		D54A1C8A26AC8633003A1226 /* ItemBottleOfLiquidView.swift */ = {isa = PBXFileReference; lastKnownFileType = sourcecode.swift; path = ItemBottleOfLiquidView.swift; sourceTree = "<group>"; };
		D54A1C8C26AC87B1003A1226 /* ChamberDoorView.swift */ = {isa = PBXFileReference; lastKnownFileType = sourcecode.swift; path = ChamberDoorView.swift; sourceTree = "<group>"; };
		D54A1C8E26AC9346003A1226 /* BrokenWallPanelView.swift */ = {isa = PBXFileReference; lastKnownFileType = sourcecode.swift; path = BrokenWallPanelView.swift; sourceTree = "<group>"; };
/* End PBXFileReference section */

/* Begin PBXFrameworksBuildPhase section */
		D54A1C4D26AB3D77003A1226 /* Frameworks */ = {
			isa = PBXFrameworksBuildPhase;
			buildActionMask = 2147483647;
			files = (
			);
			runOnlyForDeploymentPostprocessing = 0;
		};
		D54A1C5E26AB3D79003A1226 /* Frameworks */ = {
			isa = PBXFrameworksBuildPhase;
			buildActionMask = 2147483647;
			files = (
			);
			runOnlyForDeploymentPostprocessing = 0;
		};
		D54A1C6926AB3D79003A1226 /* Frameworks */ = {
			isa = PBXFrameworksBuildPhase;
			buildActionMask = 2147483647;
			files = (
			);
			runOnlyForDeploymentPostprocessing = 0;
		};
/* End PBXFrameworksBuildPhase section */

/* Begin PBXGroup section */
		D54A1C4726AB3D77003A1226 = {
			isa = PBXGroup;
			children = (
				D54A1C5226AB3D77003A1226 /* Aperture Escape */,
				D54A1C6426AB3D79003A1226 /* Aperture EscapeTests */,
				D54A1C6F26AB3D79003A1226 /* Aperture EscapeUITests */,
				D54A1C5126AB3D77003A1226 /* Products */,
			);
			sourceTree = "<group>";
		};
		D54A1C5126AB3D77003A1226 /* Products */ = {
			isa = PBXGroup;
			children = (
				D54A1C5026AB3D77003A1226 /* Aperture Escape.app */,
				D54A1C6126AB3D79003A1226 /* Aperture EscapeTests.xctest */,
				D54A1C6C26AB3D79003A1226 /* Aperture EscapeUITests.xctest */,
			);
			name = Products;
			sourceTree = "<group>";
		};
		D54A1C5226AB3D77003A1226 /* Aperture Escape */ = {
			isa = PBXGroup;
			children = (
				D54A1C8A26AC8633003A1226 /* ItemBottleOfLiquidView.swift */,
				D54A1C5326AB3D77003A1226 /* Aperture_EscapeApp.swift */,
				D54A1C5526AB3D77003A1226 /* ContentView.swift */,
				D54A1C8226AC6DA1003A1226 /* Components.swift */,
				D54A1C8026AB3DE9003A1226 /* IntroductionView.swift */,
				D54A1C8426AC75D7003A1226 /* PretestChamberView.swift */,
				D54A1C8E26AC9346003A1226 /* BrokenWallPanelView.swift */,
				D54A1C8C26AC87B1003A1226 /* ChamberDoorView.swift */,
				D54A1C8826AC7EA4003A1226 /* ItemPortalGunView.swift */,
				D54A1C5726AB3D79003A1226 /* Assets.xcassets */,
				D54A1C5C26AB3D79003A1226 /* Info.plist */,
				D54A1C5926AB3D79003A1226 /* Preview Content */,
			);
			path = "Aperture Escape";
			sourceTree = "<group>";
		};
		D54A1C5926AB3D79003A1226 /* Preview Content */ = {
			isa = PBXGroup;
			children = (
				D54A1C5A26AB3D79003A1226 /* Preview Assets.xcassets */,
			);
			path = "Preview Content";
			sourceTree = "<group>";
		};
		D54A1C6426AB3D79003A1226 /* Aperture EscapeTests */ = {
			isa = PBXGroup;
			children = (
				D54A1C6526AB3D79003A1226 /* Aperture_EscapeTests.swift */,
				D54A1C6726AB3D79003A1226 /* Info.plist */,
			);
			path = "Aperture EscapeTests";
			sourceTree = "<group>";
		};
		D54A1C6F26AB3D79003A1226 /* Aperture EscapeUITests */ = {
			isa = PBXGroup;
			children = (
				D54A1C7026AB3D79003A1226 /* Aperture_EscapeUITests.swift */,
				D54A1C7226AB3D79003A1226 /* Info.plist */,
			);
			path = "Aperture EscapeUITests";
			sourceTree = "<group>";
		};
/* End PBXGroup section */

/* Begin PBXNativeTarget section */
		D54A1C4F26AB3D77003A1226 /* Aperture Escape */ = {
			isa = PBXNativeTarget;
			buildConfigurationList = D54A1C7526AB3D79003A1226 /* Build configuration list for PBXNativeTarget "Aperture Escape" */;
			buildPhases = (
				D54A1C4C26AB3D77003A1226 /* Sources */,
				D54A1C4D26AB3D77003A1226 /* Frameworks */,
				D54A1C4E26AB3D77003A1226 /* Resources */,
			);
			buildRules = (
			);
			dependencies = (
			);
			name = "Aperture Escape";
			productName = "Aperture Escape";
			productReference = D54A1C5026AB3D77003A1226 /* Aperture Escape.app */;
			productType = "com.apple.product-type.application";
		};
		D54A1C6026AB3D79003A1226 /* Aperture EscapeTests */ = {
			isa = PBXNativeTarget;
			buildConfigurationList = D54A1C7826AB3D79003A1226 /* Build configuration list for PBXNativeTarget "Aperture EscapeTests" */;
			buildPhases = (
				D54A1C5D26AB3D79003A1226 /* Sources */,
				D54A1C5E26AB3D79003A1226 /* Frameworks */,
				D54A1C5F26AB3D79003A1226 /* Resources */,
			);
			buildRules = (
			);
			dependencies = (
				D54A1C6326AB3D79003A1226 /* PBXTargetDependency */,
			);
			name = "Aperture EscapeTests";
			productName = "Aperture EscapeTests";
			productReference = D54A1C6126AB3D79003A1226 /* Aperture EscapeTests.xctest */;
			productType = "com.apple.product-type.bundle.unit-test";
		};
		D54A1C6B26AB3D79003A1226 /* Aperture EscapeUITests */ = {
			isa = PBXNativeTarget;
			buildConfigurationList = D54A1C7B26AB3D79003A1226 /* Build configuration list for PBXNativeTarget "Aperture EscapeUITests" */;
			buildPhases = (
				D54A1C6826AB3D79003A1226 /* Sources */,
				D54A1C6926AB3D79003A1226 /* Frameworks */,
				D54A1C6A26AB3D79003A1226 /* Resources */,
			);
			buildRules = (
			);
			dependencies = (
				D54A1C6E26AB3D79003A1226 /* PBXTargetDependency */,
			);
			name = "Aperture EscapeUITests";
			productName = "Aperture EscapeUITests";
			productReference = D54A1C6C26AB3D79003A1226 /* Aperture EscapeUITests.xctest */;
			productType = "com.apple.product-type.bundle.ui-testing";
		};
/* End PBXNativeTarget section */

/* Begin PBXProject section */
		D54A1C4826AB3D77003A1226 /* Project object */ = {
			isa = PBXProject;
			attributes = {
				LastSwiftUpdateCheck = 1250;
				LastUpgradeCheck = 1250;
				TargetAttributes = {
					D54A1C4F26AB3D77003A1226 = {
						CreatedOnToolsVersion = 12.5.1;
					};
					D54A1C6026AB3D79003A1226 = {
						CreatedOnToolsVersion = 12.5.1;
						TestTargetID = D54A1C4F26AB3D77003A1226;
					};
					D54A1C6B26AB3D79003A1226 = {
						CreatedOnToolsVersion = 12.5.1;
						TestTargetID = D54A1C4F26AB3D77003A1226;
					};
				};
			};
			buildConfigurationList = D54A1C4B26AB3D77003A1226 /* Build configuration list for PBXProject "Aperture Escape" */;
			compatibilityVersion = "Xcode 9.3";
			developmentRegion = en;
			hasScannedForEncodings = 0;
			knownRegions = (
				en,
				Base,
			);
			mainGroup = D54A1C4726AB3D77003A1226;
			productRefGroup = D54A1C5126AB3D77003A1226 /* Products */;
			projectDirPath = "";
			projectRoot = "";
			targets = (
				D54A1C4F26AB3D77003A1226 /* Aperture Escape */,
				D54A1C6026AB3D79003A1226 /* Aperture EscapeTests */,
				D54A1C6B26AB3D79003A1226 /* Aperture EscapeUITests */,
			);
		};
/* End PBXProject section */

/* Begin PBXResourcesBuildPhase section */
		D54A1C4E26AB3D77003A1226 /* Resources */ = {
			isa = PBXResourcesBuildPhase;
			buildActionMask = 2147483647;
			files = (
				D54A1C5B26AB3D79003A1226 /* Preview Assets.xcassets in Resources */,
				D54A1C5826AB3D79003A1226 /* Assets.xcassets in Resources */,
			);
			runOnlyForDeploymentPostprocessing = 0;
		};
		D54A1C5F26AB3D79003A1226 /* Resources */ = {
			isa = PBXResourcesBuildPhase;
			buildActionMask = 2147483647;
			files = (
			);
			runOnlyForDeploymentPostprocessing = 0;
		};
		D54A1C6A26AB3D79003A1226 /* Resources */ = {
			isa = PBXResourcesBuildPhase;
			buildActionMask = 2147483647;
			files = (
			);
			runOnlyForDeploymentPostprocessing = 0;
		};
/* End PBXResourcesBuildPhase section */

/* Begin PBXSourcesBuildPhase section */
		D54A1C4C26AB3D77003A1226 /* Sources */ = {
			isa = PBXSourcesBuildPhase;
			buildActionMask = 2147483647;
			files = (
				D54A1C8526AC75D7003A1226 /* PretestChamberView.swift in Sources */,
				D54A1C8F26AC9346003A1226 /* BrokenWallPanelView.swift in Sources */,
				D54A1C8D26AC87B1003A1226 /* ChamberDoorView.swift in Sources */,
				D54A1C8926AC7EA4003A1226 /* ItemPortalGunView.swift in Sources */,
				D54A1C8326AC6DA1003A1226 /* Components.swift in Sources */,
				D54A1C5626AB3D77003A1226 /* ContentView.swift in Sources */,
				D54A1C8126AB3DE9003A1226 /* IntroductionView.swift in Sources */,
				D54A1C8B26AC8633003A1226 /* ItemBottleOfLiquidView.swift in Sources */,
				D54A1C5426AB3D77003A1226 /* Aperture_EscapeApp.swift in Sources */,
			);
			runOnlyForDeploymentPostprocessing = 0;
		};
		D54A1C5D26AB3D79003A1226 /* Sources */ = {
			isa = PBXSourcesBuildPhase;
			buildActionMask = 2147483647;
			files = (
				D54A1C6626AB3D79003A1226 /* Aperture_EscapeTests.swift in Sources */,
			);
			runOnlyForDeploymentPostprocessing = 0;
		};
		D54A1C6826AB3D79003A1226 /* Sources */ = {
			isa = PBXSourcesBuildPhase;
			buildActionMask = 2147483647;
			files = (
				D54A1C7126AB3D79003A1226 /* Aperture_EscapeUITests.swift in Sources */,
			);
			runOnlyForDeploymentPostprocessing = 0;
		};
/* End PBXSourcesBuildPhase section */

/* Begin PBXTargetDependency section */
		D54A1C6326AB3D79003A1226 /* PBXTargetDependency */ = {
			isa = PBXTargetDependency;
			target = D54A1C4F26AB3D77003A1226 /* Aperture Escape */;
			targetProxy = D54A1C6226AB3D79003A1226 /* PBXContainerItemProxy */;
		};
		D54A1C6E26AB3D79003A1226 /* PBXTargetDependency */ = {
			isa = PBXTargetDependency;
			target = D54A1C4F26AB3D77003A1226 /* Aperture Escape */;
			targetProxy = D54A1C6D26AB3D79003A1226 /* PBXContainerItemProxy */;
		};
/* End PBXTargetDependency section */

/* Begin XCBuildConfiguration section */
		D54A1C7326AB3D79003A1226 /* Debug */ = {
			isa = XCBuildConfiguration;
			buildSettings = {
				ALWAYS_SEARCH_USER_PATHS = NO;
				CLANG_ANALYZER_NONNULL = YES;
				CLANG_ANALYZER_NUMBER_OBJECT_CONVERSION = YES_AGGRESSIVE;
				CLANG_CXX_LANGUAGE_STANDARD = "gnu++14";
				CLANG_CXX_LIBRARY = "libc++";
				CLANG_ENABLE_MODULES = YES;
				CLANG_ENABLE_OBJC_ARC = YES;
				CLANG_ENABLE_OBJC_WEAK = YES;
				CLANG_WARN_BLOCK_CAPTURE_AUTORELEASING = YES;
				CLANG_WARN_BOOL_CONVERSION = YES;
				CLANG_WARN_COMMA = YES;
				CLANG_WARN_CONSTANT_CONVERSION = YES;
				CLANG_WARN_DEPRECATED_OBJC_IMPLEMENTATIONS = YES;
				CLANG_WARN_DIRECT_OBJC_ISA_USAGE = YES_ERROR;
				CLANG_WARN_DOCUMENTATION_COMMENTS = YES;
				CLANG_WARN_EMPTY_BODY = YES;
				CLANG_WARN_ENUM_CONVERSION = YES;
				CLANG_WARN_INFINITE_RECURSION = YES;
				CLANG_WARN_INT_CONVERSION = YES;
				CLANG_WARN_NON_LITERAL_NULL_CONVERSION = YES;
				CLANG_WARN_OBJC_IMPLICIT_RETAIN_SELF = YES;
				CLANG_WARN_OBJC_LITERAL_CONVERSION = YES;
				CLANG_WARN_OBJC_ROOT_CLASS = YES_ERROR;
				CLANG_WARN_QUOTED_INCLUDE_IN_FRAMEWORK_HEADER = YES;
				CLANG_WARN_RANGE_LOOP_ANALYSIS = YES;
				CLANG_WARN_STRICT_PROTOTYPES = YES;
				CLANG_WARN_SUSPICIOUS_MOVE = YES;
				CLANG_WARN_UNGUARDED_AVAILABILITY = YES_AGGRESSIVE;
				CLANG_WARN_UNREACHABLE_CODE = YES;
				CLANG_WARN__DUPLICATE_METHOD_MATCH = YES;
				COPY_PHASE_STRIP = NO;
				DEBUG_INFORMATION_FORMAT = dwarf;
				ENABLE_STRICT_OBJC_MSGSEND = YES;
				ENABLE_TESTABILITY = YES;
				GCC_C_LANGUAGE_STANDARD = gnu11;
				GCC_DYNAMIC_NO_PIC = NO;
				GCC_NO_COMMON_BLOCKS = YES;
				GCC_OPTIMIZATION_LEVEL = 0;
				GCC_PREPROCESSOR_DEFINITIONS = (
					"DEBUG=1",
					"$(inherited)",
				);
				GCC_WARN_64_TO_32_BIT_CONVERSION = YES;
				GCC_WARN_ABOUT_RETURN_TYPE = YES_ERROR;
				GCC_WARN_UNDECLARED_SELECTOR = YES;
				GCC_WARN_UNINITIALIZED_AUTOS = YES_AGGRESSIVE;
				GCC_WARN_UNUSED_FUNCTION = YES;
				GCC_WARN_UNUSED_VARIABLE = YES;
				IPHONEOS_DEPLOYMENT_TARGET = 14.5;
				MTL_ENABLE_DEBUG_INFO = INCLUDE_SOURCE;
				MTL_FAST_MATH = YES;
				ONLY_ACTIVE_ARCH = YES;
				SDKROOT = iphoneos;
				SWIFT_ACTIVE_COMPILATION_CONDITIONS = DEBUG;
				SWIFT_OPTIMIZATION_LEVEL = "-Onone";
			};
			name = Debug;
		};
		D54A1C7426AB3D79003A1226 /* Release */ = {
			isa = XCBuildConfiguration;
			buildSettings = {
				ALWAYS_SEARCH_USER_PATHS = NO;
				CLANG_ANALYZER_NONNULL = YES;
				CLANG_ANALYZER_NUMBER_OBJECT_CONVERSION = YES_AGGRESSIVE;
				CLANG_CXX_LANGUAGE_STANDARD = "gnu++14";
				CLANG_CXX_LIBRARY = "libc++";
				CLANG_ENABLE_MODULES = YES;
				CLANG_ENABLE_OBJC_ARC = YES;
				CLANG_ENABLE_OBJC_WEAK = YES;
				CLANG_WARN_BLOCK_CAPTURE_AUTORELEASING = YES;
				CLANG_WARN_BOOL_CONVERSION = YES;
				CLANG_WARN_COMMA = YES;
				CLANG_WARN_CONSTANT_CONVERSION = YES;
				CLANG_WARN_DEPRECATED_OBJC_IMPLEMENTATIONS = YES;
				CLANG_WARN_DIRECT_OBJC_ISA_USAGE = YES_ERROR;
				CLANG_WARN_DOCUMENTATION_COMMENTS = YES;
				CLANG_WARN_EMPTY_BODY = YES;
				CLANG_WARN_ENUM_CONVERSION = YES;
				CLANG_WARN_INFINITE_RECURSION = YES;
				CLANG_WARN_INT_CONVERSION = YES;
				CLANG_WARN_NON_LITERAL_NULL_CONVERSION = YES;
				CLANG_WARN_OBJC_IMPLICIT_RETAIN_SELF = YES;
				CLANG_WARN_OBJC_LITERAL_CONVERSION = YES;
				CLANG_WARN_OBJC_ROOT_CLASS = YES_ERROR;
				CLANG_WARN_QUOTED_INCLUDE_IN_FRAMEWORK_HEADER = YES;
				CLANG_WARN_RANGE_LOOP_ANALYSIS = YES;
				CLANG_WARN_STRICT_PROTOTYPES = YES;
				CLANG_WARN_SUSPICIOUS_MOVE = YES;
				CLANG_WARN_UNGUARDED_AVAILABILITY = YES_AGGRESSIVE;
				CLANG_WARN_UNREACHABLE_CODE = YES;
				CLANG_WARN__DUPLICATE_METHOD_MATCH = YES;
				COPY_PHASE_STRIP = NO;
				DEBUG_INFORMATION_FORMAT = "dwarf-with-dsym";
				ENABLE_NS_ASSERTIONS = NO;
				ENABLE_STRICT_OBJC_MSGSEND = YES;
				GCC_C_LANGUAGE_STANDARD = gnu11;
				GCC_NO_COMMON_BLOCKS = YES;
				GCC_WARN_64_TO_32_BIT_CONVERSION = YES;
				GCC_WARN_ABOUT_RETURN_TYPE = YES_ERROR;
				GCC_WARN_UNDECLARED_SELECTOR = YES;
				GCC_WARN_UNINITIALIZED_AUTOS = YES_AGGRESSIVE;
				GCC_WARN_UNUSED_FUNCTION = YES;
				GCC_WARN_UNUSED_VARIABLE = YES;
				IPHONEOS_DEPLOYMENT_TARGET = 14.5;
				MTL_ENABLE_DEBUG_INFO = NO;
				MTL_FAST_MATH = YES;
				SDKROOT = iphoneos;
				SWIFT_COMPILATION_MODE = wholemodule;
				SWIFT_OPTIMIZATION_LEVEL = "-O";
				VALIDATE_PRODUCT = YES;
			};
			name = Release;
		};
		D54A1C7626AB3D79003A1226 /* Debug */ = {
			isa = XCBuildConfiguration;
			buildSettings = {
				ASSETCATALOG_COMPILER_APPICON_NAME = AppIcon;
				ASSETCATALOG_COMPILER_GLOBAL_ACCENT_COLOR_NAME = AccentColor;
				CODE_SIGN_STYLE = Automatic;
				DEVELOPMENT_ASSET_PATHS = "\"Aperture Escape/Preview Content\"";
				DEVELOPMENT_TEAM = 5LN93YZUW6;
				ENABLE_PREVIEWS = YES;
				INFOPLIST_FILE = "Aperture Escape/Info.plist";
				IPHONEOS_DEPLOYMENT_TARGET = 14.0;
				LD_RUNPATH_SEARCH_PATHS = (
					"$(inherited)",
					"@executable_path/Frameworks",
				);
				PRODUCT_BUNDLE_IDENTIFIER = "cynthiawang.Aperture-Escape";
				PRODUCT_NAME = "$(TARGET_NAME)";
				SWIFT_VERSION = 5.0;
				TARGETED_DEVICE_FAMILY = "1,2";
			};
			name = Debug;
		};
		D54A1C7726AB3D79003A1226 /* Release */ = {
			isa = XCBuildConfiguration;
			buildSettings = {
				ASSETCATALOG_COMPILER_APPICON_NAME = AppIcon;
				ASSETCATALOG_COMPILER_GLOBAL_ACCENT_COLOR_NAME = AccentColor;
				CODE_SIGN_STYLE = Automatic;
				DEVELOPMENT_ASSET_PATHS = "\"Aperture Escape/Preview Content\"";
				DEVELOPMENT_TEAM = 5LN93YZUW6;
				ENABLE_PREVIEWS = YES;
				INFOPLIST_FILE = "Aperture Escape/Info.plist";
				IPHONEOS_DEPLOYMENT_TARGET = 14.0;
				LD_RUNPATH_SEARCH_PATHS = (
					"$(inherited)",
					"@executable_path/Frameworks",
				);
				PRODUCT_BUNDLE_IDENTIFIER = "cynthiawang.Aperture-Escape";
				PRODUCT_NAME = "$(TARGET_NAME)";
				SWIFT_VERSION = 5.0;
				TARGETED_DEVICE_FAMILY = "1,2";
			};
			name = Release;
		};
		D54A1C7926AB3D79003A1226 /* Debug */ = {
			isa = XCBuildConfiguration;
			buildSettings = {
				ALWAYS_EMBED_SWIFT_STANDARD_LIBRARIES = YES;
				BUNDLE_LOADER = "$(TEST_HOST)";
				CODE_SIGN_STYLE = Automatic;
				DEVELOPMENT_TEAM = 5LN93YZUW6;
				INFOPLIST_FILE = "Aperture EscapeTests/Info.plist";
				IPHONEOS_DEPLOYMENT_TARGET = 14.0;
				LD_RUNPATH_SEARCH_PATHS = (
					"$(inherited)",
					"@executable_path/Frameworks",
					"@loader_path/Frameworks",
				);
				PRODUCT_BUNDLE_IDENTIFIER = "cynthiawang.Aperture-EscapeTests";
				PRODUCT_NAME = "$(TARGET_NAME)";
				SWIFT_VERSION = 5.0;
				TARGETED_DEVICE_FAMILY = "1,2";
				TEST_HOST = "$(BUILT_PRODUCTS_DIR)/Aperture Escape.app/Aperture Escape";
			};
			name = Debug;
		};
		D54A1C7A26AB3D79003A1226 /* Release */ = {
			isa = XCBuildConfiguration;
			buildSettings = {
				ALWAYS_EMBED_SWIFT_STANDARD_LIBRARIES = YES;
				BUNDLE_LOADER = "$(TEST_HOST)";
				CODE_SIGN_STYLE = Automatic;
				DEVELOPMENT_TEAM = 5LN93YZUW6;
				INFOPLIST_FILE = "Aperture EscapeTests/Info.plist";
				IPHONEOS_DEPLOYMENT_TARGET = 14.0;
				LD_RUNPATH_SEARCH_PATHS = (
					"$(inherited)",
					"@executable_path/Frameworks",
					"@loader_path/Frameworks",
				);
				PRODUCT_BUNDLE_IDENTIFIER = "cynthiawang.Aperture-EscapeTests";
				PRODUCT_NAME = "$(TARGET_NAME)";
				SWIFT_VERSION = 5.0;
				TARGETED_DEVICE_FAMILY = "1,2";
				TEST_HOST = "$(BUILT_PRODUCTS_DIR)/Aperture Escape.app/Aperture Escape";
			};
			name = Release;
		};
		D54A1C7C26AB3D79003A1226 /* Debug */ = {
			isa = XCBuildConfiguration;
			buildSettings = {
				ALWAYS_EMBED_SWIFT_STANDARD_LIBRARIES = YES;
				CODE_SIGN_STYLE = Automatic;
				DEVELOPMENT_TEAM = 5LN93YZUW6;
				INFOPLIST_FILE = "Aperture EscapeUITests/Info.plist";
				LD_RUNPATH_SEARCH_PATHS = (
					"$(inherited)",
					"@executable_path/Frameworks",
					"@loader_path/Frameworks",
				);
				PRODUCT_BUNDLE_IDENTIFIER = "cynthiawang.Aperture-EscapeUITests";
				PRODUCT_NAME = "$(TARGET_NAME)";
				SWIFT_VERSION = 5.0;
				TARGETED_DEVICE_FAMILY = "1,2";
				TEST_TARGET_NAME = "Aperture Escape";
			};
			name = Debug;
		};
		D54A1C7D26AB3D79003A1226 /* Release */ = {
			isa = XCBuildConfiguration;
			buildSettings = {
				ALWAYS_EMBED_SWIFT_STANDARD_LIBRARIES = YES;
				CODE_SIGN_STYLE = Automatic;
				DEVELOPMENT_TEAM = 5LN93YZUW6;
				INFOPLIST_FILE = "Aperture EscapeUITests/Info.plist";
				LD_RUNPATH_SEARCH_PATHS = (
					"$(inherited)",
					"@executable_path/Frameworks",
					"@loader_path/Frameworks",
				);
				PRODUCT_BUNDLE_IDENTIFIER = "cynthiawang.Aperture-EscapeUITests";
				PRODUCT_NAME = "$(TARGET_NAME)";
				SWIFT_VERSION = 5.0;
				TARGETED_DEVICE_FAMILY = "1,2";
				TEST_TARGET_NAME = "Aperture Escape";
			};
			name = Release;
		};
/* End XCBuildConfiguration section */

/* Begin XCConfigurationList section */
		D54A1C4B26AB3D77003A1226 /* Build configuration list for PBXProject "Aperture Escape" */ = {
			isa = XCConfigurationList;
			buildConfigurations = (
				D54A1C7326AB3D79003A1226 /* Debug */,
				D54A1C7426AB3D79003A1226 /* Release */,
			);
			defaultConfigurationIsVisible = 0;
			defaultConfigurationName = Release;
		};
		D54A1C7526AB3D79003A1226 /* Build configuration list for PBXNativeTarget "Aperture Escape" */ = {
			isa = XCConfigurationList;
			buildConfigurations = (
				D54A1C7626AB3D79003A1226 /* Debug */,
				D54A1C7726AB3D79003A1226 /* Release */,
			);
			defaultConfigurationIsVisible = 0;
			defaultConfigurationName = Release;
		};
		D54A1C7826AB3D79003A1226 /* Build configuration list for PBXNativeTarget "Aperture EscapeTests" */ = {
			isa = XCConfigurationList;
			buildConfigurations = (
				D54A1C7926AB3D79003A1226 /* Debug */,
				D54A1C7A26AB3D79003A1226 /* Release */,
			);
			defaultConfigurationIsVisible = 0;
			defaultConfigurationName = Release;
		};
		D54A1C7B26AB3D79003A1226 /* Build configuration list for PBXNativeTarget "Aperture EscapeUITests" */ = {
			isa = XCConfigurationList;
			buildConfigurations = (
				D54A1C7C26AB3D79003A1226 /* Debug */,
				D54A1C7D26AB3D79003A1226 /* Release */,
			);
			defaultConfigurationIsVisible = 0;
			defaultConfigurationName = Release;
		};
/* End XCConfigurationList section */
	};
	rootObject = D54A1C4826AB3D77003A1226 /* Project object */;
}
